
Microsoft Visual Studio Solution File, Format Version 12.00
# Visual Studio Version 17
VisualStudioVersion = 17.1.32210.238
MinimumVisualStudioVersion = 10.0.40219.1
Project("{2150E333-8FDC-42A3-9474-1A3956D46DE8}") = "src", "src", "{AE2BCDF4-22A4-4911-9836-3911972CAC28}"
EndProject
Project("{2150E333-8FDC-42A3-9474-1A3956D46DE8}") = "Services", "Services", "{8B9DE091-6EC7-4923-821B-68AFFB3CFDBA}"
EndProject
Project("{2150E333-8FDC-42A3-9474-1A3956D46DE8}") = "Notes", "Notes", "{BB901779-0965-4314-880C-3FBFE070BF25}"
EndProject
Project("{FAE04EC0-301F-11D3-BF4B-00C04F79EFBC}") = "Notes.API", "src\Services\Notes\Notes.API\Notes.API.csproj", "{8951D9F2-42B1-4155-9423-B60C74202CAA}"
EndProject
Global
	GlobalSection(SolutionConfigurationPlatforms) = preSolution
		Debug|Any CPU = Debug|Any CPU
		Release|Any CPU = Release|Any CPU
	EndGlobalSection
	GlobalSection(ProjectConfigurationPlatforms) = postSolution
		{8951D9F2-42B1-4155-9423-B60C74202CAA}.Debug|Any CPU.ActiveCfg = Debug|Any CPU
		{8951D9F2-42B1-4155-9423-B60C74202CAA}.Debug|Any CPU.Build.0 = Debug|Any CPU
		{8951D9F2-42B1-4155-9423-B60C74202CAA}.Release|Any CPU.ActiveCfg = Release|Any CPU
		{8951D9F2-42B1-4155-9423-B60C74202CAA}.Release|Any CPU.Build.0 = Release|Any CPU
	EndGlobalSection
	GlobalSection(SolutionProperties) = preSolution
		HideSolutionNode = FALSE
	EndGlobalSection
	GlobalSection(NestedProjects) = preSolution
		{8B9DE091-6EC7-4923-821B-68AFFB3CFDBA} = {AE2BCDF4-22A4-4911-9836-3911972CAC28}
		{BB901779-0965-4314-880C-3FBFE070BF25} = {8B9DE091-6EC7-4923-821B-68AFFB3CFDBA}
		{8951D9F2-42B1-4155-9423-B60C74202CAA} = {BB901779-0965-4314-880C-3FBFE070BF25}
	EndGlobalSection
	GlobalSection(ExtensibilityGlobals) = postSolution
		SolutionGuid = {A9B28E4F-A497-496E-99D6-5B07EC743BA5}
	EndGlobalSection
EndGlobal
